// !$*UTF8*$!
{
	archiveVersion = 1;
	classes = {
	};
	objectVersion = 46;
	objects = {

/* Begin PBXBuildFile section */
		3C0709451D5053E2003BE9EC /* AppDelegate.swift in Sources */ = {isa = PBXBuildFile; fileRef = 3C0709441D5053E2003BE9EC /* AppDelegate.swift */; };
		3C0709481D5053E2003BE9EC /* XMLNewsReader.xcdatamodeld in Sources */ = {isa = PBXBuildFile; fileRef = 3C0709461D5053E2003BE9EC /* XMLNewsReader.xcdatamodeld */; };
		3C07094A1D5053E2003BE9EC /* MasterViewController.swift in Sources */ = {isa = PBXBuildFile; fileRef = 3C0709491D5053E2003BE9EC /* MasterViewController.swift */; };
		3C07094C1D5053E2003BE9EC /* DetailViewController.swift in Sources */ = {isa = PBXBuildFile; fileRef = 3C07094B1D5053E2003BE9EC /* DetailViewController.swift */; };
		3C07094F1D5053E2003BE9EC /* Main.storyboard in Resources */ = {isa = PBXBuildFile; fileRef = 3C07094D1D5053E2003BE9EC /* Main.storyboard */; };
		3C0709511D5053E2003BE9EC /* Assets.xcassets in Resources */ = {isa = PBXBuildFile; fileRef = 3C0709501D5053E2003BE9EC /* Assets.xcassets */; };
		3C0709541D5053E2003BE9EC /* LaunchScreen.storyboard in Resources */ = {isa = PBXBuildFile; fileRef = 3C0709521D5053E2003BE9EC /* LaunchScreen.storyboard */; };
		3C07095C1D5054D9003BE9EC /* XMLDownloader.swift in Sources */ = {isa = PBXBuildFile; fileRef = 3C07095B1D5054D9003BE9EC /* XMLDownloader.swift */; };
/* End PBXBuildFile section */

/* Begin PBXFileReference section */
		3C0709411D5053E2003BE9EC /* XMLNewsReader.app */ = {isa = PBXFileReference; explicitFileType = wrapper.application; includeInIndex = 0; path = XMLNewsReader.app; sourceTree = BUILT_PRODUCTS_DIR; };
		3C0709441D5053E2003BE9EC /* AppDelegate.swift */ = {isa = PBXFileReference; lastKnownFileType = sourcecode.swift; path = AppDelegate.swift; sourceTree = "<group>"; };
		3C0709471D5053E2003BE9EC /* XMLNewsReader.xcdatamodel */ = {isa = PBXFileReference; lastKnownFileType = wrapper.xcdatamodel; path = XMLNewsReader.xcdatamodel; sourceTree = "<group>"; };
		3C0709491D5053E2003BE9EC /* MasterViewController.swift */ = {isa = PBXFileReference; lastKnownFileType = sourcecode.swift; path = MasterViewController.swift; sourceTree = "<group>"; };
		3C07094B1D5053E2003BE9EC /* DetailViewController.swift */ = {isa = PBXFileReference; lastKnownFileType = sourcecode.swift; path = DetailViewController.swift; sourceTree = "<group>"; };
		3C07094E1D5053E2003BE9EC /* Base */ = {isa = PBXFileReference; lastKnownFileType = file.storyboard; name = Base; path = Base.lproj/Main.storyboard; sourceTree = "<group>"; };
		3C0709501D5053E2003BE9EC /* Assets.xcassets */ = {isa = PBXFileReference; lastKnownFileType = folder.assetcatalog; path = Assets.xcassets; sourceTree = "<group>"; };
		3C0709531D5053E2003BE9EC /* Base */ = {isa = PBXFileReference; lastKnownFileType = file.storyboard; name = Base; path = Base.lproj/LaunchScreen.storyboard; sourceTree = "<group>"; };
		3C0709551D5053E2003BE9EC /* Info.plist */ = {isa = PBXFileReference; lastKnownFileType = text.plist.xml; path = Info.plist; sourceTree = "<group>"; };
		3C07095B1D5054D9003BE9EC /* XMLDownloader.swift */ = {isa = PBXFileReference; fileEncoding = 4; lastKnownFileType = sourcecode.swift; path = XMLDownloader.swift; sourceTree = "<group>"; };
/* End PBXFileReference section */

/* Begin PBXFrameworksBuildPhase section */
		3C07093E1D5053E2003BE9EC /* Frameworks */ = {
			isa = PBXFrameworksBuildPhase;
			buildActionMask = 2147483647;
			files = (
			);
			runOnlyForDeploymentPostprocessing = 0;
		};
/* End PBXFrameworksBuildPhase section */

/* Begin PBXGroup section */
		3C0709381D5053E2003BE9EC = {
			isa = PBXGroup;
			children = (
				3C0709431D5053E2003BE9EC /* XMLNewsReader */,
				3C0709421D5053E2003BE9EC /* Products */,
			);
			sourceTree = "<group>";
		};
		3C0709421D5053E2003BE9EC /* Products */ = {
			isa = PBXGroup;
			children = (
				3C0709411D5053E2003BE9EC /* XMLNewsReader.app */,
			);
			name = Products;
			sourceTree = "<group>";
		};
		3C0709431D5053E2003BE9EC /* XMLNewsReader */ = {
			isa = PBXGroup;
			children = (
				3C0709441D5053E2003BE9EC /* AppDelegate.swift */,
				3C0709491D5053E2003BE9EC /* MasterViewController.swift */,
				3C07094B1D5053E2003BE9EC /* DetailViewController.swift */,
				3C07094D1D5053E2003BE9EC /* Main.storyboard */,
				3C0709501D5053E2003BE9EC /* Assets.xcassets */,
				3C0709521D5053E2003BE9EC /* LaunchScreen.storyboard */,
				3C0709551D5053E2003BE9EC /* Info.plist */,
				3C0709461D5053E2003BE9EC /* XMLNewsReader.xcdatamodeld */,
				3C07095B1D5054D9003BE9EC /* XMLDownloader.swift */,
			);
			path = XMLNewsReader;
			sourceTree = "<group>";
		};
/* End PBXGroup section */

/* Begin PBXNativeTarget section */
		3C0709401D5053E2003BE9EC /* XMLNewsReader */ = {
			isa = PBXNativeTarget;
			buildConfigurationList = 3C0709581D5053E2003BE9EC /* Build configuration list for PBXNativeTarget "XMLNewsReader" */;
			buildPhases = (
				3C07093D1D5053E2003BE9EC /* Sources */,
				3C07093E1D5053E2003BE9EC /* Frameworks */,
				3C07093F1D5053E2003BE9EC /* Resources */,
			);
			buildRules = (
			);
			dependencies = (
			);
			name = XMLNewsReader;
			productName = XMLNewsReader;
			productReference = 3C0709411D5053E2003BE9EC /* XMLNewsReader.app */;
			productType = "com.apple.product-type.application";
		};
/* End PBXNativeTarget section */

/* Begin PBXProject section */
		3C0709391D5053E2003BE9EC /* Project object */ = {
			isa = PBXProject;
			attributes = {
				LastSwiftUpdateCheck = 0730;
				LastUpgradeCheck = 0730;
				ORGANIZATIONNAME = "Sudeepth Dharavasthu";
				TargetAttributes = {
					3C0709401D5053E2003BE9EC = {
						CreatedOnToolsVersion = 7.3;
						DevelopmentTeam = XH9V2BHVJ7;
					};
				};
			};
			buildConfigurationList = 3C07093C1D5053E2003BE9EC /* Build configuration list for PBXProject "XMLNewsReader" */;
			compatibilityVersion = "Xcode 3.2";
			developmentRegion = English;
			hasScannedForEncodings = 0;
			knownRegions = (
				en,
				Base,
			);
			mainGroup = 3C0709381D5053E2003BE9EC;
			productRefGroup = 3C0709421D5053E2003BE9EC /* Products */;
			projectDirPath = "";
			projectRoot = "";
			targets = (
				3C0709401D5053E2003BE9EC /* XMLNewsReader */,
			);
		};
/* End PBXProject section */

/* Begin PBXResourcesBuildPhase section */
		3C07093F1D5053E2003BE9EC /* Resources */ = {
			isa = PBXResourcesBuildPhase;
			buildActionMask = 2147483647;
			files = (
				3C0709541D5053E2003BE9EC /* LaunchScreen.storyboard in Resources */,
				3C0709511D5053E2003BE9EC /* Assets.xcassets in Resources */,
				3C07094F1D5053E2003BE9EC /* Main.storyboard in Resources */,
			);
			runOnlyForDeploymentPostprocessing = 0;
		};
/* End PBXResourcesBuildPhase section */

/* Begin PBXSourcesBuildPhase section */
		3C07093D1D5053E2003BE9EC /* Sources */ = {
			isa = PBXSourcesBuildPhase;
			buildActionMask = 2147483647;
			files = (
				3C0709451D5053E2003BE9EC /* AppDelegate.swift in Sources */,
				3C0709481D5053E2003BE9EC /* XMLNewsReader.xcdatamodeld in Sources */,
				3C07095C1D5054D9003BE9EC /* XMLDownloader.swift in Sources */,
				3C07094A1D5053E2003BE9EC /* MasterViewController.swift in Sources */,
				3C07094C1D5053E2003BE9EC /* DetailViewController.swift in Sources */,
			);
			runOnlyForDeploymentPostprocessing = 0;
		};
/* End PBXSourcesBuildPhase section */

/* Begin PBXVariantGroup section */
		3C07094D1D5053E2003BE9EC /* Main.storyboard */ = {
			isa = PBXVariantGroup;
			children = (
				3C07094E1D5053E2003BE9EC /* Base */,
			);
			name = Main.storyboard;
			sourceTree = "<group>";
		};
		3C0709521D5053E2003BE9EC /* LaunchScreen.storyboard */ = {
			isa = PBXVariantGroup;
			children = (
				3C0709531D5053E2003BE9EC /* Base */,
			);
			name = LaunchScreen.storyboard;
			sourceTree = "<group>";
		};
/* End PBXVariantGroup section */

/* Begin XCBuildConfiguration section */
		3C0709561D5053E2003BE9EC /* Debug */ = {
			isa = XCBuildConfiguration;
			buildSettings = {
				ALWAYS_SEARCH_USER_PATHS = NO;
				CLANG_ANALYZER_NONNULL = YES;
				CLANG_CXX_LANGUAGE_STANDARD = "gnu++0x";
				CLANG_CXX_LIBRARY = "libc++";
				CLANG_ENABLE_MODULES = YES;
				CLANG_ENABLE_OBJC_ARC = YES;
				CLANG_WARN_BOOL_CONVERSION = YES;
				CLANG_WARN_CONSTANT_CONVERSION = YES;
				CLANG_WARN_DIRECT_OBJC_ISA_USAGE = YES_ERROR;
				CLANG_WARN_EMPTY_BODY = YES;
				CLANG_WARN_ENUM_CONVERSION = YES;
				CLANG_WARN_INT_CONVERSION = YES;
				CLANG_WARN_OBJC_ROOT_CLASS = YES_ERROR;
				CLANG_WARN_UNREACHABLE_CODE = YES;
				CLANG_WARN__DUPLICATE_METHOD_MATCH = YES;
				"CODE_SIGN_IDENTITY[sdk=iphoneos*]" = "iPhone Developer";
				COPY_PHASE_STRIP = NO;
				DEBUG_INFORMATION_FORMAT = dwarf;
				ENABLE_STRICT_OBJC_MSGSEND = YES;
				ENABLE_TESTABILITY = YES;
				GCC_C_LANGUAGE_STANDARD = gnu99;
				GCC_DYNAMIC_NO_PIC = NO;
				GCC_NO_COMMON_BLOCKS = YES;
				GCC_OPTIMIZATION_LEVEL = 0;
				GCC_PREPROCESSOR_DEFINITIONS = (
					"DEBUG=1",
					"$(inherited)",
				);
				GCC_WARN_64_TO_32_BIT_CONVERSION = YES;
				GCC_WARN_ABOUT_RETURN_TYPE = YES_ERROR;
				GCC_WARN_UNDECLARED_SELECTOR = YES;
				GCC_WARN_UNINITIALIZED_AUTOS = YES_AGGRESSIVE;
				GCC_WARN_UNUSED_FUNCTION = YES;
				GCC_WARN_UNUSED_VARIABLE = YES;
				IPHONEOS_DEPLOYMENT_TARGET = 9.3;
				MTL_ENABLE_DEBUG_INFO = YES;
				ONLY_ACTIVE_ARCH = YES;
				SDKROOT = iphoneos;
				SWIFT_OPTIMIZATION_LEVEL = "-Onone";
			};
			name = Debug;
		};
		3C0709571D5053E2003BE9EC /* Release */ = {
			isa = XCBuildConfiguration;
			buildSettings = {
				ALWAYS_SEARCH_USER_PATHS = NO;
				CLANG_ANALYZER_NONNULL = YES;
				CLANG_CXX_LANGUAGE_STANDARD = "gnu++0x";
				CLANG_CXX_LIBRARY = "libc++";
				CLANG_ENABLE_MODULES = YES;
				CLANG_ENABLE_OBJC_ARC = YES;
				CLANG_WARN_BOOL_CONVERSION = YES;
				CLANG_WARN_CONSTANT_CONVERSION = YES;
				CLANG_WARN_DIRECT_OBJC_ISA_USAGE = YES_ERROR;
				CLANG_WARN_EMPTY_BODY = YES;
				CLANG_WARN_ENUM_CONVERSION = YES;
				CLANG_WARN_INT_CONVERSION = YES;
				CLANG_WARN_OBJC_ROOT_CLASS = YES_ERROR;
				CLANG_WARN_UNREACHABLE_CODE = YES;
				CLANG_WARN__DUPLICATE_METHOD_MATCH = YES;
				"CODE_SIGN_IDENTITY[sdk=iphoneos*]" = "iPhone Developer";
				COPY_PHASE_STRIP = NO;
				DEBUG_INFORMATION_FORMAT = "dwarf-with-dsym";
				ENABLE_NS_ASSERTIONS = NO;
				ENABLE_STRICT_OBJC_MSGSEND = YES;
				GCC_C_LANGUAGE_STANDARD = gnu99;
				GCC_NO_COMMON_BLOCKS = YES;
				GCC_WARN_64_TO_32_BIT_CONVERSION = YES;
				GCC_WARN_ABOUT_RETURN_TYPE = YES_ERROR;
				GCC_WARN_UNDECLARED_SELECTOR = YES;
				GCC_WARN_UNINITIALIZED_AUTOS = YES_AGGRESSIVE;
				GCC_WARN_UNUSED_FUNCTION = YES;
				GCC_WARN_UNUSED_VARIABLE = YES;
				IPHONEOS_DEPLOYMENT_TARGET = 9.3;
				MTL_ENABLE_DEBUG_INFO = NO;
				SDKROOT = iphoneos;
				VALIDATE_PRODUCT = YES;
			};
			name = Release;
		};
		3C0709591D5053E2003BE9EC /* Debug */ = {
			isa = XCBuildConfiguration;
			buildSettings = {
				ASSETCATALOG_COMPILER_APPICON_NAME = AppIcon;
				INFOPLIST_FILE = XMLNewsReader/Info.plist;
				LD_RUNPATH_SEARCH_PATHS = "$(inherited) @executable_path/Frameworks";
				PRODUCT_BUNDLE_IDENTIFIER = sandy.XMLNewsReader;
				PRODUCT_NAME = "$(TARGET_NAME)";
			};
			name = Debug;
		};
		3C07095A1D5053E2003BE9EC /* Release */ = {
			isa = XCBuildConfiguration;
			buildSettings = {
				ASSETCATALOG_COMPILER_APPICON_NAME = AppIcon;
				INFOPLIST_FILE = XMLNewsReader/Info.plist;
				LD_RUNPATH_SEARCH_PATHS = "$(inherited) @executable_path/Frameworks";
				PRODUCT_BUNDLE_IDENTIFIER = sandy.XMLNewsReader;
				PRODUCT_NAME = "$(TARGET_NAME)";
			};
			name = Release;
		};
/* End XCBuildConfiguration section */

/* Begin XCConfigurationList section */
		3C07093C1D5053E2003BE9EC /* Build configuration list for PBXProject "XMLNewsReader" */ = {
			isa = XCConfigurationList;
			buildConfigurations = (
				3C0709561D5053E2003BE9EC /* Debug */,
				3C0709571D5053E2003BE9EC /* Release */,
			);
			defaultConfigurationIsVisible = 0;
			defaultConfigurationName = Release;
		};
		3C0709581D5053E2003BE9EC /* Build configuration list for PBXNativeTarget "XMLNewsReader" */ = {
			isa = XCConfigurationList;
			buildConfigurations = (
				3C0709591D5053E2003BE9EC /* Debug */,
				3C07095A1D5053E2003BE9EC /* Release */,
			);
			defaultConfigurationIsVisible = 0;
		};
/* End XCConfigurationList section */

/* Begin XCVersionGroup section */
		3C0709461D5053E2003BE9EC /* XMLNewsReader.xcdatamodeld */ = {
			isa = XCVersionGroup;
			children = (
				3C0709471D5053E2003BE9EC /* XMLNewsReader.xcdatamodel */,
			);
			currentVersion = 3C0709471D5053E2003BE9EC /* XMLNewsReader.xcdatamodel */;
			path = XMLNewsReader.xcdatamodeld;
			sourceTree = "<group>";
			versionGroupType = wrapper.xcdatamodel;
		};
/* End XCVersionGroup section */
	};
	rootObject = 3C0709391D5053E2003BE9EC /* Project object */;
}
